
Microsoft Visual Studio Solution File, Format Version 12.00
# Visual Studio Version 16
VisualStudioVersion = 16.0.31313.79
MinimumVisualStudioVersion = 10.0.40219.1
Project("{9A19103F-16F7-4668-BE54-9A1E7A4F7556}") = "NioTup.Lib", "NioTup.Lib\NioTup.Lib.csproj", "{5DAF87A1-F3B2-463F-8C59-92091CA51DFA}"
EndProject
Project("{FAE04EC0-301F-11D3-BF4B-00C04F79EFBC}") = "NioTupApp", "NioTupApp\NioTupApp.csproj", "{AEB79FD9-7ACE-44F5-9E2D-416C367253AB}"
EndProject
Global
	GlobalSection(SolutionConfigurationPlatforms) = preSolution
		Debug|Any CPU = Debug|Any CPU
		Release|Any CPU = Release|Any CPU
	EndGlobalSection
	GlobalSection(ProjectConfigurationPlatforms) = postSolution
		{5DAF87A1-F3B2-463F-8C59-92091CA51DFA}.Debug|Any CPU.ActiveCfg = Debug|Any CPU
		{5DAF87A1-F3B2-463F-8C59-92091CA51DFA}.Debug|Any CPU.Build.0 = Debug|Any CPU
		{5DAF87A1-F3B2-463F-8C59-92091CA51DFA}.Release|Any CPU.ActiveCfg = Release|Any CPU
		{5DAF87A1-F3B2-463F-8C59-92091CA51DFA}.Release|Any CPU.Build.0 = Release|Any CPU
		{AEB79FD9-7ACE-44F5-9E2D-416C367253AB}.Debug|Any CPU.ActiveCfg = Debug|Any CPU
		{AEB79FD9-7ACE-44F5-9E2D-416C367253AB}.Debug|Any CPU.Build.0 = Debug|Any CPU
		{AEB79FD9-7ACE-44F5-9E2D-416C367253AB}.Release|Any CPU.ActiveCfg = Release|Any CPU
		{AEB79FD9-7ACE-44F5-9E2D-416C367253AB}.Release|Any CPU.Build.0 = Release|Any CPU
	EndGlobalSection
	GlobalSection(SolutionProperties) = preSolution
		HideSolutionNode = FALSE
	EndGlobalSection
	GlobalSection(ExtensibilityGlobals) = postSolution
		SolutionGuid = {6C888B75-246F-4E16-BE37-51E91080263E}
	EndGlobalSection
EndGlobal
